
Microsoft Visual Studio Solution File, Format Version 12.00
# Visual Studio 15
VisualStudioVersion = 15.0.28307.168
MinimumVisualStudioVersion = 10.0.40219.1
Project("{FAE04EC0-301F-11D3-BF4B-00C04F79EFBC}") = "MLC05", "MLC05\MLC05.csproj", "{898F60C8-3B11-49CA-8DBD-860C86E83F89}"
EndProject
Global
	GlobalSection(SolutionConfigurationPlatforms) = preSolution
		Debug|Any CPU = Debug|Any CPU
		Release|Any CPU = Release|Any CPU
	EndGlobalSection
	GlobalSection(ProjectConfigurationPlatforms) = postSolution
		{898F60C8-3B11-49CA-8DBD-860C86E83F89}.Debug|Any CPU.ActiveCfg = Debug|Any CPU
		{898F60C8-3B11-49CA-8DBD-860C86E83F89}.Debug|Any CPU.Build.0 = Debug|Any CPU
		{898F60C8-3B11-49CA-8DBD-860C86E83F89}.Release|Any CPU.ActiveCfg = Release|Any CPU
		{898F60C8-3B11-49CA-8DBD-860C86E83F89}.Release|Any CPU.Build.0 = Release|Any CPU
	EndGlobalSection
	GlobalSection(SolutionProperties) = preSolution
		HideSolutionNode = FALSE
	EndGlobalSection
	GlobalSection(ExtensibilityGlobals) = postSolution
		SolutionGuid = {B8F17EF7-FC5B-4AE4-9B48-CAB9860A7639}
	EndGlobalSection
EndGlobal
